
Microsoft Visual Studio Solution File, Format Version 12.00
# Visual Studio 2012
Project("{FAE04EC0-301F-11D3-BF4B-00C04F79EFBC}") = "FFBuilder.ui", "FFBuilder.ui\FFBuilder.ui.csproj", "{9A6AA35E-C97C-49AD-803A-1D0263646264}"
EndProject
Project("{FAE04EC0-301F-11D3-BF4B-00C04F79EFBC}") = "FFTool.UI", "FFTool.UI\FFTool.UI.csproj", "{E61F8E4B-8793-4201-B5D1-F9CD5E24FE23}"
EndProject
Project("{FAE04EC0-301F-11D3-BF4B-00C04F79EFBC}") = "FFTool.OB", "FFTool.OB\FFTool.OB.csproj", "{88E205FA-3542-4281-AB36-F64E5A205AEF}"
EndProject
Project("{FAE04EC0-301F-11D3-BF4B-00C04F79EFBC}") = "Utilities.DL", "Utilities.DL\Utilities.DL.csproj", "{451582F7-DC25-4762-AD38-828E7953DBF8}"
EndProject
Project("{FAE04EC0-301F-11D3-BF4B-00C04F79EFBC}") = "BookmarkTools.OB", "BookmarkTools.OB\BookmarkTools.OB.csproj", "{26D0882B-668F-4D86-9D81-746035183998}"
EndProject
Global
	GlobalSection(SolutionConfigurationPlatforms) = preSolution
		Debug|Any CPU = Debug|Any CPU
		Release|Any CPU = Release|Any CPU
	EndGlobalSection
	GlobalSection(ProjectConfigurationPlatforms) = postSolution
		{9A6AA35E-C97C-49AD-803A-1D0263646264}.Debug|Any CPU.ActiveCfg = Debug|Any CPU
		{9A6AA35E-C97C-49AD-803A-1D0263646264}.Debug|Any CPU.Build.0 = Debug|Any CPU
		{9A6AA35E-C97C-49AD-803A-1D0263646264}.Release|Any CPU.ActiveCfg = Release|Any CPU
		{9A6AA35E-C97C-49AD-803A-1D0263646264}.Release|Any CPU.Build.0 = Release|Any CPU
		{E61F8E4B-8793-4201-B5D1-F9CD5E24FE23}.Debug|Any CPU.ActiveCfg = Debug|Any CPU
		{E61F8E4B-8793-4201-B5D1-F9CD5E24FE23}.Debug|Any CPU.Build.0 = Debug|Any CPU
		{E61F8E4B-8793-4201-B5D1-F9CD5E24FE23}.Release|Any CPU.ActiveCfg = Release|Any CPU
		{E61F8E4B-8793-4201-B5D1-F9CD5E24FE23}.Release|Any CPU.Build.0 = Release|Any CPU
		{88E205FA-3542-4281-AB36-F64E5A205AEF}.Debug|Any CPU.ActiveCfg = Debug|Any CPU
		{88E205FA-3542-4281-AB36-F64E5A205AEF}.Debug|Any CPU.Build.0 = Debug|Any CPU
		{88E205FA-3542-4281-AB36-F64E5A205AEF}.Release|Any CPU.ActiveCfg = Release|Any CPU
		{88E205FA-3542-4281-AB36-F64E5A205AEF}.Release|Any CPU.Build.0 = Release|Any CPU
		{451582F7-DC25-4762-AD38-828E7953DBF8}.Debug|Any CPU.ActiveCfg = Debug|Any CPU
		{451582F7-DC25-4762-AD38-828E7953DBF8}.Debug|Any CPU.Build.0 = Debug|Any CPU
		{451582F7-DC25-4762-AD38-828E7953DBF8}.Release|Any CPU.ActiveCfg = Release|Any CPU
		{451582F7-DC25-4762-AD38-828E7953DBF8}.Release|Any CPU.Build.0 = Release|Any CPU
		{26D0882B-668F-4D86-9D81-746035183998}.Debug|Any CPU.ActiveCfg = Debug|Any CPU
		{26D0882B-668F-4D86-9D81-746035183998}.Debug|Any CPU.Build.0 = Debug|Any CPU
		{26D0882B-668F-4D86-9D81-746035183998}.Release|Any CPU.ActiveCfg = Release|Any CPU
		{26D0882B-668F-4D86-9D81-746035183998}.Release|Any CPU.Build.0 = Release|Any CPU
	EndGlobalSection
	GlobalSection(SolutionProperties) = preSolution
		HideSolutionNode = FALSE
	EndGlobalSection
EndGlobal
