
Microsoft Visual Studio Solution File, Format Version 11.00
# Visual Studio 2010
Project("{F184B08F-C81C-45F6-A57F-5ABD9991F28F}") = "LinkCollector-msSQL.UI", "LinkCollector-msSQL.UI\LinkCollector-msSQL.UI.vbproj", "{D47E5B34-35BD-4402-BD03-6D9147E70343}"
EndProject
Project("{F184B08F-C81C-45F6-A57F-5ABD9991F28F}") = "LinkCollector-msSQL.DL", "LinkCollector-msSQL.DL\LinkCollector-msSQL.DL.vbproj", "{95C7046A-9FCC-4DB8-B61D-E1E2C3D67866}"
EndProject
Project("{F184B08F-C81C-45F6-A57F-5ABD9991F28F}") = "LinkCollector-msSQL.OB", "LinkCollector-msSQL.OB\LinkCollector-msSQL.OB.vbproj", "{5DCC6E66-9118-482E-83E9-E14EAAFFB4CC}"
EndProject
Global
	GlobalSection(SolutionConfigurationPlatforms) = preSolution
		Debug|Any CPU = Debug|Any CPU
		Debug|Mixed Platforms = Debug|Mixed Platforms
		Debug|x86 = Debug|x86
		Release|Any CPU = Release|Any CPU
		Release|Mixed Platforms = Release|Mixed Platforms
		Release|x86 = Release|x86
	EndGlobalSection
	GlobalSection(ProjectConfigurationPlatforms) = postSolution
		{D47E5B34-35BD-4402-BD03-6D9147E70343}.Debug|Any CPU.ActiveCfg = Debug|x86
		{D47E5B34-35BD-4402-BD03-6D9147E70343}.Debug|Mixed Platforms.ActiveCfg = Debug|x86
		{D47E5B34-35BD-4402-BD03-6D9147E70343}.Debug|Mixed Platforms.Build.0 = Debug|x86
		{D47E5B34-35BD-4402-BD03-6D9147E70343}.Debug|x86.ActiveCfg = Debug|x86
		{D47E5B34-35BD-4402-BD03-6D9147E70343}.Debug|x86.Build.0 = Debug|x86
		{D47E5B34-35BD-4402-BD03-6D9147E70343}.Release|Any CPU.ActiveCfg = Release|x86
		{D47E5B34-35BD-4402-BD03-6D9147E70343}.Release|Mixed Platforms.ActiveCfg = Release|x86
		{D47E5B34-35BD-4402-BD03-6D9147E70343}.Release|Mixed Platforms.Build.0 = Release|x86
		{D47E5B34-35BD-4402-BD03-6D9147E70343}.Release|x86.ActiveCfg = Release|x86
		{D47E5B34-35BD-4402-BD03-6D9147E70343}.Release|x86.Build.0 = Release|x86
		{95C7046A-9FCC-4DB8-B61D-E1E2C3D67866}.Debug|Any CPU.ActiveCfg = Debug|Any CPU
		{95C7046A-9FCC-4DB8-B61D-E1E2C3D67866}.Debug|Any CPU.Build.0 = Debug|Any CPU
		{95C7046A-9FCC-4DB8-B61D-E1E2C3D67866}.Debug|Mixed Platforms.ActiveCfg = Debug|Any CPU
		{95C7046A-9FCC-4DB8-B61D-E1E2C3D67866}.Debug|Mixed Platforms.Build.0 = Debug|Any CPU
		{95C7046A-9FCC-4DB8-B61D-E1E2C3D67866}.Debug|x86.ActiveCfg = Debug|Any CPU
		{95C7046A-9FCC-4DB8-B61D-E1E2C3D67866}.Release|Any CPU.ActiveCfg = Release|Any CPU
		{95C7046A-9FCC-4DB8-B61D-E1E2C3D67866}.Release|Any CPU.Build.0 = Release|Any CPU
		{95C7046A-9FCC-4DB8-B61D-E1E2C3D67866}.Release|Mixed Platforms.ActiveCfg = Release|Any CPU
		{95C7046A-9FCC-4DB8-B61D-E1E2C3D67866}.Release|Mixed Platforms.Build.0 = Release|Any CPU
		{95C7046A-9FCC-4DB8-B61D-E1E2C3D67866}.Release|x86.ActiveCfg = Release|Any CPU
		{5DCC6E66-9118-482E-83E9-E14EAAFFB4CC}.Debug|Any CPU.ActiveCfg = Debug|Any CPU
		{5DCC6E66-9118-482E-83E9-E14EAAFFB4CC}.Debug|Any CPU.Build.0 = Debug|Any CPU
		{5DCC6E66-9118-482E-83E9-E14EAAFFB4CC}.Debug|Mixed Platforms.ActiveCfg = Debug|Any CPU
		{5DCC6E66-9118-482E-83E9-E14EAAFFB4CC}.Debug|Mixed Platforms.Build.0 = Debug|Any CPU
		{5DCC6E66-9118-482E-83E9-E14EAAFFB4CC}.Debug|x86.ActiveCfg = Debug|Any CPU
		{5DCC6E66-9118-482E-83E9-E14EAAFFB4CC}.Release|Any CPU.ActiveCfg = Release|Any CPU
		{5DCC6E66-9118-482E-83E9-E14EAAFFB4CC}.Release|Any CPU.Build.0 = Release|Any CPU
		{5DCC6E66-9118-482E-83E9-E14EAAFFB4CC}.Release|Mixed Platforms.ActiveCfg = Release|Any CPU
		{5DCC6E66-9118-482E-83E9-E14EAAFFB4CC}.Release|Mixed Platforms.Build.0 = Release|Any CPU
		{5DCC6E66-9118-482E-83E9-E14EAAFFB4CC}.Release|x86.ActiveCfg = Release|Any CPU
	EndGlobalSection
	GlobalSection(SolutionProperties) = preSolution
		HideSolutionNode = FALSE
	EndGlobalSection
EndGlobal
